
Microsoft Visual Studio Solution File, Format Version 12.00
# Visual Studio Version 17
VisualStudioVersion = 17.11.35327.3
MinimumVisualStudioVersion = 10.0.40219.1
Project("{8BC9CEB8-8B4A-11D0-8D11-00A0C91BC942}") = "OS08_04", "OS08_04.vcxproj", "{A06DAEC7-B721-49A3-9454-1E66473C0344}"
EndProject
Global
	GlobalSection(SolutionConfigurationPlatforms) = preSolution
		Debug|x64 = Debug|x64
		Debug|x86 = Debug|x86
		Release|x64 = Release|x64
		Release|x86 = Release|x86
	EndGlobalSection
	GlobalSection(ProjectConfigurationPlatforms) = postSolution
		{A06DAEC7-B721-49A3-9454-1E66473C0344}.Debug|x64.ActiveCfg = Debug|x64
		{A06DAEC7-B721-49A3-9454-1E66473C0344}.Debug|x64.Build.0 = Debug|x64
		{A06DAEC7-B721-49A3-9454-1E66473C0344}.Debug|x86.ActiveCfg = Debug|Win32
		{A06DAEC7-B721-49A3-9454-1E66473C0344}.Debug|x86.Build.0 = Debug|Win32
		{A06DAEC7-B721-49A3-9454-1E66473C0344}.Release|x64.ActiveCfg = Release|x64
		{A06DAEC7-B721-49A3-9454-1E66473C0344}.Release|x64.Build.0 = Release|x64
		{A06DAEC7-B721-49A3-9454-1E66473C0344}.Release|x86.ActiveCfg = Release|Win32
		{A06DAEC7-B721-49A3-9454-1E66473C0344}.Release|x86.Build.0 = Release|Win32
	EndGlobalSection
	GlobalSection(SolutionProperties) = preSolution
		HideSolutionNode = FALSE
	EndGlobalSection
	GlobalSection(ExtensibilityGlobals) = postSolution
		SolutionGuid = {35BEAA53-4263-4C1F-9C65-784264854E6B}
	EndGlobalSection
EndGlobal
