
Microsoft Visual Studio Solution File, Format Version 12.00
# Visual Studio Version 17
VisualStudioVersion = 17.11.35303.130
MinimumVisualStudioVersion = 10.0.40219.1
Project("{FAE04EC0-301F-11D3-BF4B-00C04F79EFBC}") = "OS04_07", "OS04_07.csproj", "{4DD48E43-4DE0-4630-8F85-3921F6022EBF}"
EndProject
Global
	GlobalSection(SolutionConfigurationPlatforms) = preSolution
		Debug|Any CPU = Debug|Any CPU
		Release|Any CPU = Release|Any CPU
	EndGlobalSection
	GlobalSection(ProjectConfigurationPlatforms) = postSolution
		{4DD48E43-4DE0-4630-8F85-3921F6022EBF}.Debug|Any CPU.ActiveCfg = Debug|Any CPU
		{4DD48E43-4DE0-4630-8F85-3921F6022EBF}.Debug|Any CPU.Build.0 = Debug|Any CPU
		{4DD48E43-4DE0-4630-8F85-3921F6022EBF}.Release|Any CPU.ActiveCfg = Release|Any CPU
		{4DD48E43-4DE0-4630-8F85-3921F6022EBF}.Release|Any CPU.Build.0 = Release|Any CPU
	EndGlobalSection
	GlobalSection(SolutionProperties) = preSolution
		HideSolutionNode = FALSE
	EndGlobalSection
	GlobalSection(ExtensibilityGlobals) = postSolution
		SolutionGuid = {5530607C-A611-46DE-9182-3D26C8F0E93F}
	EndGlobalSection
EndGlobal
